
Microsoft Visual Studio Solution File, Format Version 12.00
# Visual Studio Version 16
VisualStudioVersion = 16.0.31313.79
MinimumVisualStudioVersion = 10.0.40219.1
Project("{FAE04EC0-301F-11D3-BF4B-00C04F79EFBC}") = "eShopSolution.WebApp", "eShopSolution.WebApp\eShopSolution.WebApp.csproj", "{F92EB20B-56DD-4760-8DA7-BA8551634BB7}"
EndProject
Global
	GlobalSection(SolutionConfigurationPlatforms) = preSolution
		Debug|Any CPU = Debug|Any CPU
		Release|Any CPU = Release|Any CPU
	EndGlobalSection
	GlobalSection(ProjectConfigurationPlatforms) = postSolution
		{F92EB20B-56DD-4760-8DA7-BA8551634BB7}.Debug|Any CPU.ActiveCfg = Debug|Any CPU
		{F92EB20B-56DD-4760-8DA7-BA8551634BB7}.Debug|Any CPU.Build.0 = Debug|Any CPU
		{F92EB20B-56DD-4760-8DA7-BA8551634BB7}.Release|Any CPU.ActiveCfg = Release|Any CPU
		{F92EB20B-56DD-4760-8DA7-BA8551634BB7}.Release|Any CPU.Build.0 = Release|Any CPU
	EndGlobalSection
	GlobalSection(SolutionProperties) = preSolution
		HideSolutionNode = FALSE
	EndGlobalSection
	GlobalSection(ExtensibilityGlobals) = postSolution
		SolutionGuid = {8BA3F175-7ACA-425C-A30C-67246244C74E}
	EndGlobalSection
EndGlobal
